# THIS IS AN AUTOGENERATED FILE. DO NOT EDIT THIS FILE DIRECTLY.
# yarn lockfile v1


eslint-config-maasglobal-ts@^0.0.14:
  version "0.0.14"
  resolved "https://registry.yarnpkg.com/eslint-config-maasglobal-ts/-/eslint-config-maasglobal-ts-0.0.14.tgz#7b5aa74768faf4cc840478306c453174c1412c11"
  integrity sha512-qKkJToBl7efSO8EdQUGCliLuqrjd00RT928X6HcNLYP8wNQE/DJTdfnoZ4GyuGbT9KFi/ye8XQZCUDs5ZMsqXg==

prettier@^2.8.1:
  version "2.8.8"
  resolved "https://registry.yarnpkg.com/prettier/-/prettier-2.8.8.tgz#e8c5d7e98a4305ffe3de2e1fc4aca1a71c28b1da"
  integrity sha512-tdN8qQGvNjw4CHbY+XXk0JgCXn9QiF21a55rBe5LJAU+kDyC4WQn4+awm2Xfk2lQMk5fKup9XgzTZtGkjBdP9Q==
